
Microsoft Visual Studio Solution File, Format Version 12.00
# Visual Studio 15
VisualStudioVersion = 15.0.26730.16
MinimumVisualStudioVersion = 10.0.40219.1
Project("{FAE04EC0-301F-11D3-BF4B-00C04F79EFBC}") = "RubberStamp", "src\RubberStamp\RubberStamp.csproj", "{AC3758B9-D311-4EFA-BD91-94BBAEAA6B5D}"
EndProject
Project("{FAE04EC0-301F-11D3-BF4B-00C04F79EFBC}") = "RubberStamp.UnitTest", "src\RubberStamp.UnitTest\RubberStamp.UnitTest.csproj", "{BBEFAB00-5C23-4F5C-BCC6-E8D972713705}"
EndProject
Project("{2150E333-8FDC-42A3-9474-1A3956D46DE8}") = "Tests", "Tests", "{1F9DEA56-646D-41BD-86BE-D9870B08270D}"
EndProject
Project("{2150E333-8FDC-42A3-9474-1A3956D46DE8}") = "Solution Items", "Solution Items", "{2DD4C0EB-EF7A-43B7-9FF0-A4A106BDC4CD}"
	ProjectSection(SolutionItems) = preProject
		src\ReleaseNotes.md = src\ReleaseNotes.md
		src\RubberStamp.nuspec = src\RubberStamp.nuspec
		src\RubberStamp.snk = src\RubberStamp.snk
	EndProjectSection
EndProject
Global
	GlobalSection(SolutionConfigurationPlatforms) = preSolution
		Debug|Any CPU = Debug|Any CPU
		Release|Any CPU = Release|Any CPU
	EndGlobalSection
	GlobalSection(ProjectConfigurationPlatforms) = postSolution
		{AC3758B9-D311-4EFA-BD91-94BBAEAA6B5D}.Debug|Any CPU.ActiveCfg = Debug|Any CPU
		{AC3758B9-D311-4EFA-BD91-94BBAEAA6B5D}.Debug|Any CPU.Build.0 = Debug|Any CPU
		{AC3758B9-D311-4EFA-BD91-94BBAEAA6B5D}.Release|Any CPU.ActiveCfg = Release|Any CPU
		{AC3758B9-D311-4EFA-BD91-94BBAEAA6B5D}.Release|Any CPU.Build.0 = Release|Any CPU
		{BBEFAB00-5C23-4F5C-BCC6-E8D972713705}.Debug|Any CPU.ActiveCfg = Debug|Any CPU
		{BBEFAB00-5C23-4F5C-BCC6-E8D972713705}.Debug|Any CPU.Build.0 = Debug|Any CPU
		{BBEFAB00-5C23-4F5C-BCC6-E8D972713705}.Release|Any CPU.ActiveCfg = Release|Any CPU
		{BBEFAB00-5C23-4F5C-BCC6-E8D972713705}.Release|Any CPU.Build.0 = Release|Any CPU
	EndGlobalSection
	GlobalSection(SolutionProperties) = preSolution
		HideSolutionNode = FALSE
	EndGlobalSection
	GlobalSection(NestedProjects) = preSolution
		{BBEFAB00-5C23-4F5C-BCC6-E8D972713705} = {1F9DEA56-646D-41BD-86BE-D9870B08270D}
	EndGlobalSection
	GlobalSection(ExtensibilityGlobals) = postSolution
		SolutionGuid = {9F28265F-8121-46A1-9EF4-69A5C539ED41}
	EndGlobalSection
EndGlobal
